
Microsoft Visual Studio Solution File, Format Version 12.00
# Visual Studio Version 17
VisualStudioVersion = 17.4.33205.214
MinimumVisualStudioVersion = 10.0.40219.1
Project("{8BC9CEB8-8B4A-11D0-8D11-00A0C91BC942}") = "Project3_COP3503", "Project3_COP3503.vcxproj", "{EDB1BD0C-E9E5-4D2A-AE75-2FF612E45623}"
EndProject
Global
	GlobalSection(SolutionConfigurationPlatforms) = preSolution
		Debug|x64 = Debug|x64
		Debug|x86 = Debug|x86
		Release|x64 = Release|x64
		Release|x86 = Release|x86
	EndGlobalSection
	GlobalSection(ProjectConfigurationPlatforms) = postSolution
		{EDB1BD0C-E9E5-4D2A-AE75-2FF612E45623}.Debug|x64.ActiveCfg = Debug|x64
		{EDB1BD0C-E9E5-4D2A-AE75-2FF612E45623}.Debug|x64.Build.0 = Debug|x64
		{EDB1BD0C-E9E5-4D2A-AE75-2FF612E45623}.Debug|x86.ActiveCfg = Debug|Win32
		{EDB1BD0C-E9E5-4D2A-AE75-2FF612E45623}.Debug|x86.Build.0 = Debug|Win32
		{EDB1BD0C-E9E5-4D2A-AE75-2FF612E45623}.Release|x64.ActiveCfg = Release|x64
		{EDB1BD0C-E9E5-4D2A-AE75-2FF612E45623}.Release|x64.Build.0 = Release|x64
		{EDB1BD0C-E9E5-4D2A-AE75-2FF612E45623}.Release|x86.ActiveCfg = Release|Win32
		{EDB1BD0C-E9E5-4D2A-AE75-2FF612E45623}.Release|x86.Build.0 = Release|Win32
	EndGlobalSection
	GlobalSection(SolutionProperties) = preSolution
		HideSolutionNode = FALSE
	EndGlobalSection
	GlobalSection(ExtensibilityGlobals) = postSolution
		SolutionGuid = {DDF351AA-FBF1-4642-9B5B-EC8874254CB3}
	EndGlobalSection
EndGlobal
